
Microsoft Visual Studio Solution File, Format Version 12.00
# Visual Studio Version 17
VisualStudioVersion = 17.0.31903.59
MinimumVisualStudioVersion = 10.0.40219.1
Project("{2150E333-8FDC-42A3-9474-1A3956D46DE8}") = "server", "server", "{DAD03CFC-D5FA-AC94-41C7-9ABAB326F09E}"
EndProject
Project("{FAE04EC0-301F-11D3-BF4B-00C04F79EFBC}") = "PigFarmManagement.Server", "server\PigFarmManagement.Server\PigFarmManagement.Server.csproj", "{E4D50E75-A91A-4194-8120-5201EC075249}"
EndProject
Project("{FAE04EC0-301F-11D3-BF4B-00C04F79EFBC}") = "PigFarmManagement.Client", "client\PigFarmManagement.Client\PigFarmManagement.Client.csproj", "{7C538305-39F7-4B6B-B1F0-568850226A96}"
EndProject
Project("{FAE04EC0-301F-11D3-BF4B-00C04F79EFBC}") = "PigFarmManagement.Shared", "shared\PigFarmManagement.Shared\PigFarmManagement.Shared.csproj", "{02DDEEC2-C14C-40D2-8B07-B17FFB0FC8A1}"
EndProject
Global
	GlobalSection(SolutionConfigurationPlatforms) = preSolution
		Debug|Any CPU = Debug|Any CPU
		Debug|x64 = Debug|x64
		Debug|x86 = Debug|x86
		Release|Any CPU = Release|Any CPU
		Release|x64 = Release|x64
		Release|x86 = Release|x86
	EndGlobalSection
	GlobalSection(ProjectConfigurationPlatforms) = postSolution
		{E4D50E75-A91A-4194-8120-5201EC075249}.Debug|Any CPU.ActiveCfg = Debug|Any CPU
		{E4D50E75-A91A-4194-8120-5201EC075249}.Debug|Any CPU.Build.0 = Debug|Any CPU
		{E4D50E75-A91A-4194-8120-5201EC075249}.Debug|x64.ActiveCfg = Debug|Any CPU
		{E4D50E75-A91A-4194-8120-5201EC075249}.Debug|x64.Build.0 = Debug|Any CPU
		{E4D50E75-A91A-4194-8120-5201EC075249}.Debug|x86.ActiveCfg = Debug|Any CPU
		{E4D50E75-A91A-4194-8120-5201EC075249}.Debug|x86.Build.0 = Debug|Any CPU
		{E4D50E75-A91A-4194-8120-5201EC075249}.Release|Any CPU.ActiveCfg = Release|Any CPU
		{E4D50E75-A91A-4194-8120-5201EC075249}.Release|Any CPU.Build.0 = Release|Any CPU
		{E4D50E75-A91A-4194-8120-5201EC075249}.Release|x64.ActiveCfg = Release|Any CPU
		{E4D50E75-A91A-4194-8120-5201EC075249}.Release|x64.Build.0 = Release|Any CPU
		{E4D50E75-A91A-4194-8120-5201EC075249}.Release|x86.ActiveCfg = Release|Any CPU
		{E4D50E75-A91A-4194-8120-5201EC075249}.Release|x86.Build.0 = Release|Any CPU
		{7C538305-39F7-4B6B-B1F0-568850226A96}.Debug|Any CPU.ActiveCfg = Debug|Any CPU
		{7C538305-39F7-4B6B-B1F0-568850226A96}.Debug|Any CPU.Build.0 = Debug|Any CPU
		{7C538305-39F7-4B6B-B1F0-568850226A96}.Debug|x64.ActiveCfg = Debug|Any CPU
		{7C538305-39F7-4B6B-B1F0-568850226A96}.Debug|x64.Build.0 = Debug|Any CPU
		{7C538305-39F7-4B6B-B1F0-568850226A96}.Debug|x86.ActiveCfg = Debug|Any CPU
		{7C538305-39F7-4B6B-B1F0-568850226A96}.Debug|x86.Build.0 = Debug|Any CPU
		{7C538305-39F7-4B6B-B1F0-568850226A96}.Release|Any CPU.ActiveCfg = Release|Any CPU
		{7C538305-39F7-4B6B-B1F0-568850226A96}.Release|Any CPU.Build.0 = Release|Any CPU
		{7C538305-39F7-4B6B-B1F0-568850226A96}.Release|x64.ActiveCfg = Release|Any CPU
		{7C538305-39F7-4B6B-B1F0-568850226A96}.Release|x64.Build.0 = Release|Any CPU
		{7C538305-39F7-4B6B-B1F0-568850226A96}.Release|x86.ActiveCfg = Release|Any CPU
		{7C538305-39F7-4B6B-B1F0-568850226A96}.Release|x86.Build.0 = Release|Any CPU
		{02DDEEC2-C14C-40D2-8B07-B17FFB0FC8A1}.Debug|Any CPU.ActiveCfg = Debug|Any CPU
		{02DDEEC2-C14C-40D2-8B07-B17FFB0FC8A1}.Debug|Any CPU.Build.0 = Debug|Any CPU
		{02DDEEC2-C14C-40D2-8B07-B17FFB0FC8A1}.Debug|x64.ActiveCfg = Debug|Any CPU
		{02DDEEC2-C14C-40D2-8B07-B17FFB0FC8A1}.Debug|x64.Build.0 = Debug|Any CPU
		{02DDEEC2-C14C-40D2-8B07-B17FFB0FC8A1}.Debug|x86.ActiveCfg = Debug|Any CPU
		{02DDEEC2-C14C-40D2-8B07-B17FFB0FC8A1}.Debug|x86.Build.0 = Debug|Any CPU
		{02DDEEC2-C14C-40D2-8B07-B17FFB0FC8A1}.Release|Any CPU.ActiveCfg = Release|Any CPU
		{02DDEEC2-C14C-40D2-8B07-B17FFB0FC8A1}.Release|Any CPU.Build.0 = Release|Any CPU
		{02DDEEC2-C14C-40D2-8B07-B17FFB0FC8A1}.Release|x64.ActiveCfg = Release|Any CPU
		{02DDEEC2-C14C-40D2-8B07-B17FFB0FC8A1}.Release|x64.Build.0 = Release|Any CPU
		{02DDEEC2-C14C-40D2-8B07-B17FFB0FC8A1}.Release|x86.ActiveCfg = Release|Any CPU
		{02DDEEC2-C14C-40D2-8B07-B17FFB0FC8A1}.Release|x86.Build.0 = Release|Any CPU
	EndGlobalSection
	GlobalSection(SolutionProperties) = preSolution
		HideSolutionNode = FALSE
	EndGlobalSection
	GlobalSection(NestedProjects) = preSolution
		{E4D50E75-A91A-4194-8120-5201EC075249} = {DAD03CFC-D5FA-AC94-41C7-9ABAB326F09E}
		{7C538305-39F7-4B6B-B1F0-568850226A96} = {DAD03CFC-D5FA-AC94-41C7-9ABAB326F09E}
		{02DDEEC2-C14C-40D2-8B07-B17FFB0FC8A1} = {DAD03CFC-D5FA-AC94-41C7-9ABAB326F09E}
	EndGlobalSection
EndGlobal
